{
  "name": "netlify-plugin-webp-converter",
  "version": "1.0.0",
  "lockfileVersion": 2,
  "requires": true,
  "packages": {
    "": {
      "name": "netlify-plugin-webp-converter",
      "version": "1.0.0",
      "dependencies": {
        "glob": "^7.2.0",
        "sharp": "^0.32.1"
      }
    }
  }
}